
Microsoft Visual Studio Solution File, Format Version 12.00
# Visual Studio Version 16
VisualStudioVersion = 16.0.29009.5
MinimumVisualStudioVersion = 10.0.40219.1
Project("{FAE04EC0-301F-11D3-BF4B-00C04F79EFBC}") = "CarAuto", "CarAuto\CarAuto.csproj", "{F75211A8-D589-4BF1-BCC6-BABB035003C7}"
EndProject
Project("{FAE04EC0-301F-11D3-BF4B-00C04F79EFBC}") = "CarAutoCommon", "CarAutoCommon\CarAutoCommon.csproj", "{EF67AEBF-D5E7-4331-89E6-ABB6B0402BC6}"
EndProject
Global
	GlobalSection(SolutionConfigurationPlatforms) = preSolution
		Debug|Any CPU = Debug|Any CPU
		Release|Any CPU = Release|Any CPU
	EndGlobalSection
	GlobalSection(ProjectConfigurationPlatforms) = postSolution
		{F75211A8-D589-4BF1-BCC6-BABB035003C7}.Debug|Any CPU.ActiveCfg = Debug|Any CPU
		{F75211A8-D589-4BF1-BCC6-BABB035003C7}.Debug|Any CPU.Build.0 = Debug|Any CPU
		{F75211A8-D589-4BF1-BCC6-BABB035003C7}.Release|Any CPU.ActiveCfg = Release|Any CPU
		{F75211A8-D589-4BF1-BCC6-BABB035003C7}.Release|Any CPU.Build.0 = Release|Any CPU
		{EF67AEBF-D5E7-4331-89E6-ABB6B0402BC6}.Debug|Any CPU.ActiveCfg = Debug|Any CPU
		{EF67AEBF-D5E7-4331-89E6-ABB6B0402BC6}.Debug|Any CPU.Build.0 = Debug|Any CPU
		{EF67AEBF-D5E7-4331-89E6-ABB6B0402BC6}.Release|Any CPU.ActiveCfg = Release|Any CPU
		{EF67AEBF-D5E7-4331-89E6-ABB6B0402BC6}.Release|Any CPU.Build.0 = Release|Any CPU
	EndGlobalSection
	GlobalSection(SolutionProperties) = preSolution
		HideSolutionNode = FALSE
	EndGlobalSection
	GlobalSection(ExtensibilityGlobals) = postSolution
		SolutionGuid = {39BC628E-4008-42B1-B9D2-EE343AB38311}
	EndGlobalSection
EndGlobal
